{
  "originHash" : "1691532fce08279fc3bb7b7fb3ba877ca11219806a212c2a794d9e6e71a64661",
  "pins" : [
    {
      "identity" : "ihttp_client",
      "kind" : "remoteSourceControl",
      "location" : "https://github.com/fox-avokadik/ihttp_client.git",
      "state" : {
        "branch" : "main",
        "revision" : "7b0d25d9668801151f063327ed9f6f516ca4c671"
      }
    }
  ],
  "version" : 3
}
